
Microsoft Visual Studio Solution File, Format Version 12.00
# Visual Studio Version 16
VisualStudioVersion = 16.0.29709.97
MinimumVisualStudioVersion = 10.0.40219.1
Project("{FAE04EC0-301F-11D3-BF4B-00C04F79EFBC}") = "Obamos", "Obamos\Obamos.csproj", "{B018A115-6896-4641-A8E3-4E7E6A225A90}"
EndProject
Global
	GlobalSection(SolutionConfigurationPlatforms) = preSolution
		Debug|Any CPU = Debug|Any CPU
		Release|Any CPU = Release|Any CPU
	EndGlobalSection
	GlobalSection(ProjectConfigurationPlatforms) = postSolution
		{B018A115-6896-4641-A8E3-4E7E6A225A90}.Debug|Any CPU.ActiveCfg = Debug|Any CPU
		{B018A115-6896-4641-A8E3-4E7E6A225A90}.Debug|Any CPU.Build.0 = Debug|Any CPU
		{B018A115-6896-4641-A8E3-4E7E6A225A90}.Debug|Any CPU.Deploy.0 = Debug|Any CPU
		{B018A115-6896-4641-A8E3-4E7E6A225A90}.Release|Any CPU.ActiveCfg = Release|Any CPU
		{B018A115-6896-4641-A8E3-4E7E6A225A90}.Release|Any CPU.Build.0 = Release|Any CPU
		{B018A115-6896-4641-A8E3-4E7E6A225A90}.Release|Any CPU.Deploy.0 = Release|Any CPU
	EndGlobalSection
	GlobalSection(SolutionProperties) = preSolution
		HideSolutionNode = FALSE
	EndGlobalSection
	GlobalSection(ExtensibilityGlobals) = postSolution
		SolutionGuid = {57248AC2-DBA1-4F0B-9BD9-A45526B2676E}
	EndGlobalSection
EndGlobal
